<?xml version="1.0" encoding="utf-8"?>
<Project ToolsVersion="4.0" xmlns="http://schemas.microsoft.com/developer/msbuild/2003">
  <ItemGroup>
    <Filter Include="Source Files">
      <UniqueIdentifier>{4FC737F1-C7A5-4376-A066-2A32D752A2FF}</UniqueIdentifier>
      <Extensions>cpp;c;cc;cxx;c++;cppm;ixx;def;odl;idl;hpj;bat;asm;asmx</Extensions>
    </Filter>
    <Filter Include="Header Files">
      <UniqueIdentifier>{93995380-89BD-4b04-88EB-625FBE52EBFB}</UniqueIdentifier>
      <Extensions>h;hh;hpp;hxx;h++;hm;inl;inc;ipp;xsd</Extensions>
    </Filter>
    <Filter Include="Board Game">
      <UniqueIdentifier>{b946ac27-2902-4877-b4ad-6569ff0aece7}</UniqueIdentifier>
    </Filter>
  </ItemGroup>
  <ItemGroup>
    <ClInclude Include="..\src\connet4\c4human.h">
      <Filter>Header Files</Filter>
    </ClInclude>
    <ClInclude Include="..\src\connet4\c4game.h">
      <Filter>Header Files</Filter>
    </ClInclude>
    <ClInclude Include="..\src\connet4\c4types.h">
      <Filter>Header Files</Filter>
    </ClInclude>
    <ClInclude Include="..\src\boardgame\bgame.h">
      <Filter>Board Game</Filter>
    </ClInclude>
    <ClInclude Include="..\src\boardgame\bgboard.h">
      <Filter>Board Game</Filter>
    </ClInclude>
    <ClInclude Include="..\src\boardgame\bgdocs.h">
      <Filter>Board Game</Filter>
    </ClInclude>
    <ClInclude Include="..\src\boardgame\bgload.h">
      <Filter>Board Game</Filter>
    </ClInclude>
    <ClInclude Include="..\src\boardgame\bgmacros.h">
      <Filter>Board Game</Filter>
    </ClInclude>
    <ClInclude Include="..\src\boardgame\bgmove.h">
      <Filter>Board Game</Filter>
    </ClInclude>
    <ClInclude Include="..\src\boardgame\bgpiece.h">
      <Filter>Board Game</Filter>
    </ClInclude>
    <ClInclude Include="..\src\boardgame\bgplayer.h">
      <Filter>Board Game</Filter>
    </ClInclude>
    <ClInclude Include="..\src\boardgame\bgplayers.h">
      <Filter>Board Game</Filter>
    </ClInclude>
    <ClInclude Include="..\src\boardgame\bgprint.h">
      <Filter>Board Game</Filter>
    </ClInclude>
    <ClInclude Include="..\src\boardgame\bgsave.h">
      <Filter>Board Game</Filter>
    </ClInclude>
    <ClInclude Include="..\src\boardgame\bgtypes.h">
      <Filter>Board Game</Filter>
    </ClInclude>
    <ClInclude Include="..\src\boardgame\boardgame.h">
      <Filter>Board Game</Filter>
    </ClInclude>
    <ClInclude Include="..\src\boardgame\color.h">
      <Filter>Board Game</Filter>
    </ClInclude>
  </ItemGroup>
  <ItemGroup>
    <ClCompile Include="..\src\connet4\main.cpp">
      <Filter>Source Files</Filter>
    </ClCompile>
  </ItemGroup>
</Project>